
Microsoft Visual Studio Solution File, Format Version 12.00
# Visual Studio Version 16
VisualStudioVersion = 16.0.30413.136
MinimumVisualStudioVersion = 10.0.40219.1
Project("{FAE04EC0-301F-11D3-BF4B-00C04F79EFBC}") = "p01", "p01\p01.csproj", "{28B0348E-EA0C-4980-BB03-CA46FCE8D426}"
EndProject
Project("{FAE04EC0-301F-11D3-BF4B-00C04F79EFBC}") = "p02", "p02\p02.csproj", "{B0133E94-9D6C-4516-B8AE-4E3581247AB1}"
EndProject
Project("{FAE04EC0-301F-11D3-BF4B-00C04F79EFBC}") = "p03", "p03\p03.csproj", "{B8BFAC57-716C-4176-AE49-700787488E59}"
EndProject
Project("{FAE04EC0-301F-11D3-BF4B-00C04F79EFBC}") = "p07", "p07\p07.csproj", "{F6F3CC1B-2335-4AB2-8851-0E28BDD67CCB}"
EndProject
Project("{FAE04EC0-301F-11D3-BF4B-00C04F79EFBC}") = "p04", "p04\p04.csproj", "{E870CE2F-85B9-4EA4-9BB8-379203DACAA9}"
EndProject
Project("{FAE04EC0-301F-11D3-BF4B-00C04F79EFBC}") = "p05", "p05\p05.csproj", "{B598CAB7-FB5C-4715-A451-5E60095611A5}"
EndProject
Project("{FAE04EC0-301F-11D3-BF4B-00C04F79EFBC}") = "p06", "p06\p06.csproj", "{E74F55ED-25B0-419C-A6EC-D0BC67A571ED}"
EndProject
Global
	GlobalSection(SolutionConfigurationPlatforms) = preSolution
		Debug|Any CPU = Debug|Any CPU
		Release|Any CPU = Release|Any CPU
	EndGlobalSection
	GlobalSection(ProjectConfigurationPlatforms) = postSolution
		{28B0348E-EA0C-4980-BB03-CA46FCE8D426}.Debug|Any CPU.ActiveCfg = Debug|Any CPU
		{28B0348E-EA0C-4980-BB03-CA46FCE8D426}.Debug|Any CPU.Build.0 = Debug|Any CPU
		{28B0348E-EA0C-4980-BB03-CA46FCE8D426}.Release|Any CPU.ActiveCfg = Release|Any CPU
		{28B0348E-EA0C-4980-BB03-CA46FCE8D426}.Release|Any CPU.Build.0 = Release|Any CPU
		{B0133E94-9D6C-4516-B8AE-4E3581247AB1}.Debug|Any CPU.ActiveCfg = Debug|Any CPU
		{B0133E94-9D6C-4516-B8AE-4E3581247AB1}.Debug|Any CPU.Build.0 = Debug|Any CPU
		{B0133E94-9D6C-4516-B8AE-4E3581247AB1}.Release|Any CPU.ActiveCfg = Release|Any CPU
		{B0133E94-9D6C-4516-B8AE-4E3581247AB1}.Release|Any CPU.Build.0 = Release|Any CPU
		{B8BFAC57-716C-4176-AE49-700787488E59}.Debug|Any CPU.ActiveCfg = Debug|Any CPU
		{B8BFAC57-716C-4176-AE49-700787488E59}.Debug|Any CPU.Build.0 = Debug|Any CPU
		{B8BFAC57-716C-4176-AE49-700787488E59}.Release|Any CPU.ActiveCfg = Release|Any CPU
		{B8BFAC57-716C-4176-AE49-700787488E59}.Release|Any CPU.Build.0 = Release|Any CPU
		{F6F3CC1B-2335-4AB2-8851-0E28BDD67CCB}.Debug|Any CPU.ActiveCfg = Debug|Any CPU
		{F6F3CC1B-2335-4AB2-8851-0E28BDD67CCB}.Debug|Any CPU.Build.0 = Debug|Any CPU
		{F6F3CC1B-2335-4AB2-8851-0E28BDD67CCB}.Release|Any CPU.ActiveCfg = Release|Any CPU
		{F6F3CC1B-2335-4AB2-8851-0E28BDD67CCB}.Release|Any CPU.Build.0 = Release|Any CPU
		{E870CE2F-85B9-4EA4-9BB8-379203DACAA9}.Debug|Any CPU.ActiveCfg = Debug|Any CPU
		{E870CE2F-85B9-4EA4-9BB8-379203DACAA9}.Debug|Any CPU.Build.0 = Debug|Any CPU
		{E870CE2F-85B9-4EA4-9BB8-379203DACAA9}.Release|Any CPU.ActiveCfg = Release|Any CPU
		{E870CE2F-85B9-4EA4-9BB8-379203DACAA9}.Release|Any CPU.Build.0 = Release|Any CPU
		{B598CAB7-FB5C-4715-A451-5E60095611A5}.Debug|Any CPU.ActiveCfg = Debug|Any CPU
		{B598CAB7-FB5C-4715-A451-5E60095611A5}.Debug|Any CPU.Build.0 = Debug|Any CPU
		{B598CAB7-FB5C-4715-A451-5E60095611A5}.Release|Any CPU.ActiveCfg = Release|Any CPU
		{B598CAB7-FB5C-4715-A451-5E60095611A5}.Release|Any CPU.Build.0 = Release|Any CPU
		{E74F55ED-25B0-419C-A6EC-D0BC67A571ED}.Debug|Any CPU.ActiveCfg = Debug|Any CPU
		{E74F55ED-25B0-419C-A6EC-D0BC67A571ED}.Debug|Any CPU.Build.0 = Debug|Any CPU
		{E74F55ED-25B0-419C-A6EC-D0BC67A571ED}.Release|Any CPU.ActiveCfg = Release|Any CPU
		{E74F55ED-25B0-419C-A6EC-D0BC67A571ED}.Release|Any CPU.Build.0 = Release|Any CPU
	EndGlobalSection
	GlobalSection(SolutionProperties) = preSolution
		HideSolutionNode = FALSE
	EndGlobalSection
	GlobalSection(ExtensibilityGlobals) = postSolution
		SolutionGuid = {4A5B0F0C-97D3-4438-AF63-25ECB922D9A8}
	EndGlobalSection
EndGlobal
